
Microsoft Visual Studio Solution File, Format Version 12.00
# Visual Studio Version 17
VisualStudioVersion = 17.4.32804.182
MinimumVisualStudioVersion = 10.0.40219.1
Project("{FAE04EC0-301F-11D3-BF4B-00C04F79EFBC}") = "hexbear-migration-tool", "hexbear-migration-tool.csproj", "{2103AC55-DAFD-4DA8-B3FF-AB09EA04A602}"
EndProject
Global
	GlobalSection(SolutionConfigurationPlatforms) = preSolution
		Debug|Any CPU = Debug|Any CPU
		Release|Any CPU = Release|Any CPU
	EndGlobalSection
	GlobalSection(ProjectConfigurationPlatforms) = postSolution
		{2103AC55-DAFD-4DA8-B3FF-AB09EA04A602}.Debug|Any CPU.ActiveCfg = Debug|Any CPU
		{2103AC55-DAFD-4DA8-B3FF-AB09EA04A602}.Debug|Any CPU.Build.0 = Debug|Any CPU
		{2103AC55-DAFD-4DA8-B3FF-AB09EA04A602}.Release|Any CPU.ActiveCfg = Release|Any CPU
		{2103AC55-DAFD-4DA8-B3FF-AB09EA04A602}.Release|Any CPU.Build.0 = Release|Any CPU
	EndGlobalSection
	GlobalSection(SolutionProperties) = preSolution
		HideSolutionNode = FALSE
	EndGlobalSection
	GlobalSection(ExtensibilityGlobals) = postSolution
		SolutionGuid = {89A97DDF-D86A-4D56-B333-296646A8E9AF}
	EndGlobalSection
EndGlobal
